
Microsoft Visual Studio Solution File, Format Version 12.00
# Visual Studio Version 16
VisualStudioVersion = 16.0.31729.503
MinimumVisualStudioVersion = 10.0.40219.1
Project("{FAE04EC0-301F-11D3-BF4B-00C04F79EFBC}") = "wcf_GrechkaChat", "wcf_GrechkaChat\wcf_GrechkaChat.csproj", "{687AE1A9-DB5A-41B0-8D70-6ED573EBFA3B}"
EndProject
Project("{FAE04EC0-301F-11D3-BF4B-00C04F79EFBC}") = "GrechkaServer", "GrechkaServer\GrechkaServer.csproj", "{930A3DBC-4D7B-4A3A-9B0A-5DA4CE5C284C}"
EndProject
Global
	GlobalSection(SolutionConfigurationPlatforms) = preSolution
		Debug|Any CPU = Debug|Any CPU
		Release|Any CPU = Release|Any CPU
	EndGlobalSection
	GlobalSection(ProjectConfigurationPlatforms) = postSolution
		{687AE1A9-DB5A-41B0-8D70-6ED573EBFA3B}.Debug|Any CPU.ActiveCfg = Debug|Any CPU
		{687AE1A9-DB5A-41B0-8D70-6ED573EBFA3B}.Debug|Any CPU.Build.0 = Debug|Any CPU
		{687AE1A9-DB5A-41B0-8D70-6ED573EBFA3B}.Release|Any CPU.ActiveCfg = Release|Any CPU
		{687AE1A9-DB5A-41B0-8D70-6ED573EBFA3B}.Release|Any CPU.Build.0 = Release|Any CPU
		{930A3DBC-4D7B-4A3A-9B0A-5DA4CE5C284C}.Debug|Any CPU.ActiveCfg = Debug|Any CPU
		{930A3DBC-4D7B-4A3A-9B0A-5DA4CE5C284C}.Debug|Any CPU.Build.0 = Debug|Any CPU
		{930A3DBC-4D7B-4A3A-9B0A-5DA4CE5C284C}.Release|Any CPU.ActiveCfg = Release|Any CPU
		{930A3DBC-4D7B-4A3A-9B0A-5DA4CE5C284C}.Release|Any CPU.Build.0 = Release|Any CPU
	EndGlobalSection
	GlobalSection(SolutionProperties) = preSolution
		HideSolutionNode = FALSE
	EndGlobalSection
	GlobalSection(ExtensibilityGlobals) = postSolution
		SolutionGuid = {6A53936A-485D-4FF2-BA64-666477D0340D}
	EndGlobalSection
EndGlobal
